<?xml version="1.0" encoding="utf-8"?>
<Project ToolsVersion="4.0" xmlns="http://schemas.microsoft.com/developer/msbuild/2003">
  <ItemGroup>
    <ClCompile Include="Arc.cpp" />
    <ClCompile Include="Arc2.cpp" />
    <ClCompile Include="BoundingBox2.cpp" />
    <ClCompile Include="BSpline.cpp" />
    <ClCompile Include="Circle.cpp" />
    <ClCompile Include="CommandList.cpp" />
    <ClCompile Include="CString.cpp" />
    <ClCompile Include="Cylinder.cpp" />
    <ClCompile Include="Dim.cpp" />
    <ClCompile Include="distance.cpp" />
    <ClCompile Include="Font.cpp" />
    <ClCompile Include="Geom.cpp" />
    <ClCompile Include="GeomDict.cpp" />
    <ClCompile Include="Global.cpp" />
    <ClCompile Include="Group.cpp" />
    <ClCompile Include="Intersect.cpp" />
    <ClCompile Include="KRFBinaryParser.cpp" />
    <ClCompile Include="KRFTextParser.cpp" />
    <ClCompile Include="LineSeg.cpp" />
    <ClCompile Include="Material.cpp" />
    <ClCompile Include="Matrix4.cpp" />
    <ClCompile Include="MemoryBlock.cpp" />
    <ClCompile Include="Mesh.cpp" />
    <ClCompile Include="MeshBuilder.cpp" />
    <ClCompile Include="pch.cpp" />
    <ClCompile Include="PLine.cpp" />
    <ClCompile Include="Point.cpp" />
    <ClCompile Include="PointList.cpp" />
    <ClCompile Include="Polygon.cpp" />
    <ClCompile Include="ProteinTrajectory.cpp" />
    <ClCompile Include="RayCad.cpp" />
    <ClCompile Include="Sphere.cpp" />
    <ClCompile Include="Spline.cpp" />
    <ClCompile Include="Tag.cpp" />
    <ClCompile Include="Util.cpp" />
    <ClCompile Include="Vector3.cpp" />
    <ClCompile Include="Trim.cpp" />
    <ClCompile Include="Convert.cpp" />
    <ClCompile Include="Atom.cpp" />
    <ClCompile Include="Bond.cpp" />
    <ClCompile Include="ExtraData.cpp" />
    <ClCompile Include="DnaArm.cpp" />
  </ItemGroup>
  <ItemGroup>
    <ClInclude Include="Arc.h" />
    <ClInclude Include="Arc2.h" />
    <ClInclude Include="BoundingBox2.h" />
    <ClInclude Include="BSpline.h" />
    <ClInclude Include="Circle.h" />
    <ClInclude Include="CommandList.h" />
    <ClInclude Include="CString.h" />
    <ClInclude Include="Cylinder.h" />
    <ClInclude Include="Def.h" />
    <ClInclude Include="Dim.h" />
    <ClInclude Include="distance.h" />
    <ClInclude Include="Font.h" />
    <ClInclude Include="Geom.h" />
    <ClInclude Include="GeomDict.h" />
    <ClInclude Include="Global.h" />
    <ClInclude Include="Group.h" />
    <ClInclude Include="Intersect.h" />
    <ClInclude Include="js.h" />
    <ClInclude Include="KRFBinaryParser.h" />
    <ClInclude Include="KRFTextParser.h" />
    <ClInclude Include="LineSeg.h" />
    <ClInclude Include="Material.h" />
    <ClInclude Include="Matrix4.h" />
    <ClInclude Include="MemoryBlock.h" />
    <ClInclude Include="Mesh.h" />
    <ClInclude Include="MeshBuilder.h" />
    <ClInclude Include="pch.h" />
    <ClInclude Include="PLine.h" />
    <ClInclude Include="Point.h" />
    <ClInclude Include="PointList.h" />
    <ClInclude Include="Polygon.h" />
    <ClInclude Include="ProteinTrajectory.h" />
    <ClInclude Include="raycad.h" />
    <ClInclude Include="Sphere.h" />
    <ClInclude Include="Spline.h" />
    <ClInclude Include="Tag.h" />
    <ClInclude Include="Util.h" />
    <ClInclude Include="Vector3.h" />
    <ClInclude Include="Trim.h" />
    <ClInclude Include="Convert.h" />
    <ClInclude Include="BSpline2.h" />
    <ClInclude Include="Atom.h" />
    <ClInclude Include="Bond.h" />
    <ClInclude Include="ExtraData.h" />
    <ClInclude Include="DnaArm.h" />
  </ItemGroup>
  <ItemGroup>
    <None Include="ccd.bat">
      <Filter>emscripten</Filter>
    </None>
    <None Include="ccr.bat">
      <Filter>emscripten</Filter>
    </None>
    <None Include="jsbuild\kVisLibBind.js">
      <Filter>emscripten</Filter>
    </None>
    <None Include="jsbuild\test.html">
      <Filter>emscripten</Filter>
    </None>
    <None Include="UtilTest.html">
      <Filter>emscripten</Filter>
    </None>
    <None Include="ccdebug.bat">
      <Filter>emscripten</Filter>
    </None>
    <None Include="ClassDiagram.cd" />
  </ItemGroup>
  <ItemGroup>
    <Filter Include="emscripten">
      <UniqueIdentifier>{3ff716fd-564f-4cdd-9715-ef813abecb09}</UniqueIdentifier>
    </Filter>
  </ItemGroup>
</Project>